Microsoft Visual Studio Solution File, Format Version 11.00
# Visual Studio 2008

Project("{ECF1A4C7-0189-1198-F088-1060424AEEB2}") = "Mario 1-1", "Assembly-CSharp-firstpass.csproj", "{611C0EE9-074F-ECB9-1299-4D7881EA6B68}"
EndProject
Project("{ECF1A4C7-0189-1198-F088-1060424AEEB2}") = "Mario 1-1", "Assembly-CSharp.csproj", "{5578644C-C889-2B87-393E-268CA66B1F8C}"
EndProject
Project("{ECF1A4C7-0189-1198-F088-1060424AEEB2}") = "Mario 1-1", "Assembly-CSharp-Editor.csproj", "{49BDBFF9-0489-B264-5806-DED7CC04A21C}"
EndProject
Global
	GlobalSection(SolutionConfigurationPlatforms) = preSolution
		Debug|Any CPU = Debug|Any CPU
		Release|Any CPU = Release|Any CPU
	EndGlobalSection
	GlobalSection(ProjectConfigurationPlatforms) = postSolution
		{611C0EE9-074F-ECB9-1299-4D7881EA6B68}.Debug|Any CPU.ActiveCfg = Debug|Any CPU
		{611C0EE9-074F-ECB9-1299-4D7881EA6B68}.Debug|Any CPU.Build.0 = Debug|Any CPU
		{611C0EE9-074F-ECB9-1299-4D7881EA6B68}.Release|Any CPU.ActiveCfg = Release|Any CPU
		{611C0EE9-074F-ECB9-1299-4D7881EA6B68}.Release|Any CPU.Build.0 = Release|Any CPU
		{5578644C-C889-2B87-393E-268CA66B1F8C}.Debug|Any CPU.ActiveCfg = Debug|Any CPU
		{5578644C-C889-2B87-393E-268CA66B1F8C}.Debug|Any CPU.Build.0 = Debug|Any CPU
		{5578644C-C889-2B87-393E-268CA66B1F8C}.Release|Any CPU.ActiveCfg = Release|Any CPU
		{5578644C-C889-2B87-393E-268CA66B1F8C}.Release|Any CPU.Build.0 = Release|Any CPU
		{49BDBFF9-0489-B264-5806-DED7CC04A21C}.Debug|Any CPU.ActiveCfg = Debug|Any CPU
		{49BDBFF9-0489-B264-5806-DED7CC04A21C}.Debug|Any CPU.Build.0 = Debug|Any CPU
		{49BDBFF9-0489-B264-5806-DED7CC04A21C}.Release|Any CPU.ActiveCfg = Release|Any CPU
		{49BDBFF9-0489-B264-5806-DED7CC04A21C}.Release|Any CPU.Build.0 = Release|Any CPU
	EndGlobalSection
	GlobalSection(SolutionProperties) = preSolution
		HideSolutionNode = FALSE
	EndGlobalSection
	GlobalSection(MonoDevelopProperties) = preSolution
		StartupItem = Assembly-CSharp.csproj
	EndGlobalSection
EndGlobal
